lockfileVersion: '9.0'

settings:
  autoInstallPeers: true
  excludeLinksFromLockfile: false

importers:

  .:
    dependencies:
      '@lexical/react':
        specifier: '*'
        version: 0.17.0(react-dom@18.3.1(react@18.3.1))(react@18.3.1)(yjs@13.6.18)
      '@radix-ui/react-select':
        specifier: ^2.1.1
        version: 2.1.1(react-dom@18.3.1(react@18.3.1))(react@18.3.1)
      '@radix-ui/react-slot':
        specifier: '*'
        version: 1.1.0(react@18.3.1)
      class-variance-authority:
        specifier: '*'
        version: 0.7.0
      clsx:
        specifier: '*'
        version: 2.1.1
      lexical:
        specifier: '*'
        version: 0.17.0
      lucide-react:
        specifier: '*'
        version: 0.424.0(react@18.3.1)
      tailwind-merge:
        specifier: '*'
        version: 2.4.0
      tailwindcss-animate:
        specifier: '*'
        version: 1.0.7

packages:

  '@babel/runtime@7.25.0':
    resolution: {integrity: sha512-7dRy4DwXwtzBrPbZflqxnvfxLF8kdZXPkhymtDeFoFqE6ldzjQFgYTtYIFARcLEYDrqfBfYcZt1WqFxRoyC9Rw==}
    engines: {node: '>=6.9.0'}

  '@floating-ui/core@1.6.5':
    resolution: {integrity: sha512-8GrTWmoFhm5BsMZOTHeGD2/0FLKLQQHvO/ZmQga4tKempYRLz8aqJGqXVuQgisnMObq2YZ2SgkwctN1LOOxcqA==}

  '@floating-ui/dom@1.6.8':
    resolution: {integrity: sha512-kx62rP19VZ767Q653wsP1XZCGIirkE09E0QUGNYTM/ttbbQHqcGPdSfWFxUyyNLc/W6aoJRBajOSXhP6GXjC0Q==}

  '@floating-ui/react-dom@2.1.1':
    resolution: {integrity: sha512-4h84MJt3CHrtG18mGsXuLCHMrug49d7DFkU0RMIyshRveBeyV2hmV/pDaF2Uxtu8kgq5r46llp5E5FQiR0K2Yg==}
    peerDependencies:
      react: '>=16.8.0'
      react-dom: '>=16.8.0'

  '@floating-ui/utils@0.2.5':
    resolution: {integrity: sha512-sTcG+QZ6fdEUObICavU+aB3Mp8HY4n14wYHdxK4fXjPmv3PXZZeY5RaguJmGyeH/CJQhX3fqKUtS4qc1LoHwhQ==}

  '@lexical/clipboard@0.17.0':
    resolution: {integrity: sha512-wYtC6VJhuSxUZc69VTU+vBgzB4HQqhve2hLrr3v+3tR2aimx3KnKphCCP1TexCntxpEnOTPXafEgpOW/EVQE+Q==}

  '@lexical/code@0.17.0':
    resolution: {integrity: sha512-8zrgHzf27aYySfUVeSKw8YP/LkRlXHSwD03BKlkSZAb4HX/WC60SGmdXUhtyTIBucqe0pnuGsRYfR9euD0/tfw==}

  '@lexical/devtools-core@0.17.0':
    resolution: {integrity: sha512-0ftqWsoCb96oTc8Ok+uvjGAXZpsN9oc6ml3d46BdufdZyxHXC4qU3YVoPfLkgAHzH+4fQlNypu7u3Ym3dZ2rJg==}
    peerDependencies:
      react: '>=17.x'
      react-dom: '>=17.x'

  '@lexical/dragon@0.17.0':
    resolution: {integrity: sha512-XSsrHVwhjBIVF9VN9MFm6Go8fquj5H/jlYuyNzemHq0tOli8NaoSovGc5q0LwXr88RPsuIt1jluazR7Q1+kxTQ==}

  '@lexical/hashtag@0.17.0':
    resolution: {integrity: sha512-E6nSoz9haB6JypQtYxG5OYr36AHgam/FBMu77OWNl1KsJbkP8nInm+P22QFsNnEvs4Hk6/0FJ5g42+lTEnGmIg==}

  '@lexical/history@0.17.0':
    resolution: {integrity: sha512-SfeUKAXf9pZpqee9rMOTt33V0J0p/AS9TZLT9Un9dU6wAaHfv6NFax1ND0JoG1a9YkTc539mufxVLNjsNRc0ag==}

  '@lexical/html@0.17.0':
    resolution: {integrity: sha512-sI458CEP/j+Gd2YEo1+vTax31ZAjdq5jmRJMgSKxzKlkVYAUY9eH5u3Y3awPLwLVXJHiIopMX02GeZytibuTiw==}

  '@lexical/link@0.17.0':
    resolution: {integrity: sha512-Kux6yvPit6y0ksPpwimv3seVrXAsggkqB6oT6oAVBaDpYuygVEwNDqg/rCTtB3mHQ4eeuU33mdK7MSXZ34bZRQ==}

  '@lexical/list@0.17.0':
    resolution: {integrity: sha512-anDuSUykTv+lqyCwl1m+sThrB15OKCa00Eo68/d2HQSHDD3KNWgSx709dcR17bD9oT204yOhMJbQGywuzcEyGQ==}

  '@lexical/mark@0.17.0':
    resolution: {integrity: sha512-Ynqh9KHXUcB9qLOTGC9s+bbWtawOwRStkeIeAugTqrwckyYWeDaePpyJ6IhBBJy1E1CfpiZn71NDeP+FuRjnXQ==}

  '@lexical/markdown@0.17.0':
    resolution: {integrity: sha512-6IuJ2l5p/Ma+VBUIStIRXwTC01GEzx21gvqqywuqBUzAOiMr1oRM+DGsQgrzZrcjX+LzUlZ5ZgjuWtK8XKVAZw==}

  '@lexical/offset@0.17.0':
    resolution: {integrity: sha512-onE6SD2mIAwBLTT5v5fVBVtRg/NpQj+o10vTWJ1ImvEUERpSoCyHMTy3IMoSMuCRwuOG9C0cFEret2u+QS8Icw==}

  '@lexical/overflow@0.17.0':
    resolution: {integrity: sha512-dh+nQAmeobKvZFodWyzNh1ZjX043Patk/1Lwct9XmtAGMUdXL+tB0bbguWVcDfY8OYu1CTQGfbdq2oMEJYzwsg==}

  '@lexical/plain-text@0.17.0':
    resolution: {integrity: sha512-AEk+3ttbRyRi7m9UbU1CdLUtGsXh4FFZkBC12twV3U82lZHOdHocLlTutP+lcbYlGjeq6UF43NxOSGzsYEunsA==}

  '@lexical/react@0.17.0':
    resolution: {integrity: sha512-HZ3joq+5g2++2vo/6scTd60Y2bsu8ya8EUdopyudnmGZGKAcAPue9pLOlBaEpsYZ7vqTuGjiPgtEBfFzDy9rlg==}
    peerDependencies:
      react: '>=17.x'
      react-dom: '>=17.x'

  '@lexical/rich-text@0.17.0':
    resolution: {integrity: sha512-XJc8gQBSwppCkESQaNcGtyTaPXZaeCQDcUVpnDjDK0vM/ZZN8TErxbujwbSqA3kO2dBds9N8WxNboSwuncMBcQ==}

  '@lexical/selection@0.17.0':
    resolution: {integrity: sha512-UTjlvyhFY/lmHtBaIaVRwYnRfO9gR4I32+PT7vHQr4v3VfcgS63YEGSgEZy3Gh1pfeJqaZATN58+jCuMAQXlWQ==}

  '@lexical/table@0.17.0':
    resolution: {integrity: sha512-RQF7IG0rGL2/bPaPFUIMgDA3QMdDflvXSnE7Udgbj9yMqSKhYkaERVfNyoLckDUSuusGJd6XV+qum6JWn0nSNA==}

  '@lexical/text@0.17.0':
    resolution: {integrity: sha512-kFH0V6yjW8YswmoY7vHT4zHFDflGfamuUxTPHROpdnq/JMjHeaVwtmFBdrP0gknaC8XMRXdr3EsemQ7cbOoDPA==}

  '@lexical/utils@0.17.0':
    resolution: {integrity: sha512-B/n0rRGDmdMrqi2qnprLt6SntC6jb4JItLmPl8zDDdg7/HxMdLq3F93vogeiXQJn0mlNqgiENWHvLAy5K2C2uQ==}

  '@lexical/yjs@0.17.0':
    resolution: {integrity: sha512-xJv3frcK/jskssLbzdY4yfBaM7+LWaZD4YjYkJ/bvRDTey2w+McF+SvsJ/yBA8YF1oaL3rT+0aIQJ7rfH+AxjA==}
    peerDependencies:
      yjs: '>=13.5.22'

  '@radix-ui/number@1.1.0':
    resolution: {integrity: sha512-V3gRzhVNU1ldS5XhAPTom1fOIo4ccrjjJgmE+LI2h/WaFpHmx0MQApT+KZHnx8abG6Avtfcz4WoEciMnpFT3HQ==}

  '@radix-ui/primitive@1.1.0':
    resolution: {integrity: sha512-4Z8dn6Upk0qk4P74xBhZ6Hd/w0mPEzOOLxy4xiPXOXqjF7jZS0VAKk7/x/H6FyY2zCkYJqePf1G5KmkmNJ4RBA==}

  '@radix-ui/react-arrow@1.1.0':
    resolution: {integrity: sha512-FmlW1rCg7hBpEBwFbjHwCW6AmWLQM6g/v0Sn8XbP9NvmSZ2San1FpQeyPtufzOMSIx7Y4dzjlHoifhp+7NkZhw==}
    peerDependencies:
      '@types/react': '*'
      '@types/react-dom': '*'
      react: ^16.8 || ^17.0 || ^18.0 || ^19.0 || ^19.0.0-rc
      react-dom: ^16.8 || ^17.0 || ^18.0 || ^19.0 || ^19.0.0-rc
    peerDependenciesMeta:
      '@types/react':
        optional: true
      '@types/react-dom':
        optional: true

  '@radix-ui/react-collection@1.1.0':
    resolution: {integrity: sha512-GZsZslMJEyo1VKm5L1ZJY8tGDxZNPAoUeQUIbKeJfoi7Q4kmig5AsgLMYYuyYbfjd8fBmFORAIwYAkXMnXZgZw==}
    peerDependencies:
      '@types/react': '*'
      '@types/react-dom': '*'
      react: ^16.8 || ^17.0 || ^18.0 || ^19.0 || ^19.0.0-rc
      react-dom: ^16.8 || ^17.0 || ^18.0 || ^19.0 || ^19.0.0-rc
    peerDependenciesMeta:
      '@types/react':
        optional: true
      '@types/react-dom':
        optional: true

  '@radix-ui/react-compose-refs@1.1.0':
    resolution: {integrity: sha512-b4inOtiaOnYf9KWyO3jAeeCG6FeyfY6ldiEPanbUjWd+xIk5wZeHa8yVwmrJ2vderhu/BQvzCrJI0lHd+wIiqw==}
    peerDependencies:
      '@types/react': '*'
      react: ^16.8 || ^17.0 || ^18.0 || ^19.0 || ^19.0.0-rc
    peerDependenciesMeta:
      '@types/react':
        optional: true

  '@radix-ui/react-context@1.1.0':
    resolution: {integrity: sha512-OKrckBy+sMEgYM/sMmqmErVn0kZqrHPJze+Ql3DzYsDDp0hl0L62nx/2122/Bvps1qz645jlcu2tD9lrRSdf8A==}
    peerDependencies:
      '@types/react': '*'
      react: ^16.8 || ^17.0 || ^18.0 || ^19.0 || ^19.0.0-rc
    peerDependenciesMeta:
      '@types/react':
        optional: true

  '@radix-ui/react-direction@1.1.0':
    resolution: {integrity: sha512-BUuBvgThEiAXh2DWu93XsT+a3aWrGqolGlqqw5VU1kG7p/ZH2cuDlM1sRLNnY3QcBS69UIz2mcKhMxDsdewhjg==}
    peerDependencies:
      '@types/react': '*'
      react: ^16.8 || ^17.0 || ^18.0 || ^19.0 || ^19.0.0-rc
    peerDependenciesMeta:
      '@types/react':
        optional: true

  '@radix-ui/react-dismissable-layer@1.1.0':
    resolution: {integrity: sha512-/UovfmmXGptwGcBQawLzvn2jOfM0t4z3/uKffoBlj724+n3FvBbZ7M0aaBOmkp6pqFYpO4yx8tSVJjx3Fl2jig==}
    peerDependencies:
      '@types/react': '*'
      '@types/react-dom': '*'
      react: ^16.8 || ^17.0 || ^18.0 || ^19.0 || ^19.0.0-rc
      react-dom: ^16.8 || ^17.0 || ^18.0 || ^19.0 || ^19.0.0-rc
    peerDependenciesMeta:
      '@types/react':
        optional: true
      '@types/react-dom':
        optional: true

  '@radix-ui/react-focus-guards@1.1.0':
    resolution: {integrity: sha512-w6XZNUPVv6xCpZUqb/yN9DL6auvpGX3C/ee6Hdi16v2UUy25HV2Q5bcflsiDyT/g5RwbPQ/GIT1vLkeRb+ITBw==}
    peerDependencies:
      '@types/react': '*'
      react: ^16.8 || ^17.0 || ^18.0 || ^19.0 || ^19.0.0-rc
    peerDependenciesMeta:
      '@types/react':
        optional: true

  '@radix-ui/react-focus-scope@1.1.0':
    resolution: {integrity: sha512-200UD8zylvEyL8Bx+z76RJnASR2gRMuxlgFCPAe/Q/679a/r0eK3MBVYMb7vZODZcffZBdob1EGnky78xmVvcA==}
    peerDependencies:
      '@types/react': '*'
      '@types/react-dom': '*'
      react: ^16.8 || ^17.0 || ^18.0 || ^19.0 || ^19.0.0-rc
      react-dom: ^16.8 || ^17.0 || ^18.0 || ^19.0 || ^19.0.0-rc
    peerDependenciesMeta:
      '@types/react':
        optional: true
      '@types/react-dom':
        optional: true

  '@radix-ui/react-id@1.1.0':
    resolution: {integrity: sha512-EJUrI8yYh7WOjNOqpoJaf1jlFIH2LvtgAl+YcFqNCa+4hj64ZXmPkAKOFs/ukjz3byN6bdb/AVUqHkI8/uWWMA==}
    peerDependencies:
      '@types/react': '*'
      react: ^16.8 || ^17.0 || ^18.0 || ^19.0 || ^19.0.0-rc
    peerDependenciesMeta:
      '@types/react':
        optional: true

  '@radix-ui/react-popper@1.2.0':
    resolution: {integrity: sha512-ZnRMshKF43aBxVWPWvbj21+7TQCvhuULWJ4gNIKYpRlQt5xGRhLx66tMp8pya2UkGHTSlhpXwmjqltDYHhw7Vg==}
    peerDependencies:
      '@types/react': '*'
      '@types/react-dom': '*'
      react: ^16.8 || ^17.0 || ^18.0 || ^19.0 || ^19.0.0-rc
      react-dom: ^16.8 || ^17.0 || ^18.0 || ^19.0 || ^19.0.0-rc
    peerDependenciesMeta:
      '@types/react':
        optional: true
      '@types/react-dom':
        optional: true

  '@radix-ui/react-portal@1.1.1':
    resolution: {integrity: sha512-A3UtLk85UtqhzFqtoC8Q0KvR2GbXF3mtPgACSazajqq6A41mEQgo53iPzY4i6BwDxlIFqWIhiQ2G729n+2aw/g==}
    peerDependencies:
      '@types/react': '*'
      '@types/react-dom': '*'
      react: ^16.8 || ^17.0 || ^18.0 || ^19.0 || ^19.0.0-rc
      react-dom: ^16.8 || ^17.0 || ^18.0 || ^19.0 || ^19.0.0-rc
    peerDependenciesMeta:
      '@types/react':
        optional: true
      '@types/react-dom':
        optional: true

  '@radix-ui/react-primitive@2.0.0':
    resolution: {integrity: sha512-ZSpFm0/uHa8zTvKBDjLFWLo8dkr4MBsiDLz0g3gMUwqgLHz9rTaRRGYDgvZPtBJgYCBKXkS9fzmoySgr8CO6Cw==}
    peerDependencies:
      '@types/react': '*'
      '@types/react-dom': '*'
      react: ^16.8 || ^17.0 || ^18.0 || ^19.0 || ^19.0.0-rc
      react-dom: ^16.8 || ^17.0 || ^18.0 || ^19.0 || ^19.0.0-rc
    peerDependenciesMeta:
      '@types/react':
        optional: true
      '@types/react-dom':
        optional: true

  '@radix-ui/react-select@2.1.1':
    resolution: {integrity: sha512-8iRDfyLtzxlprOo9IicnzvpsO1wNCkuwzzCM+Z5Rb5tNOpCdMvcc2AkzX0Fz+Tz9v6NJ5B/7EEgyZveo4FBRfQ==}
    peerDependencies:
      '@types/react': '*'
      '@types/react-dom': '*'
      react: ^16.8 || ^17.0 || ^18.0 || ^19.0 || ^19.0.0-rc
      react-dom: ^16.8 || ^17.0 || ^18.0 || ^19.0 || ^19.0.0-rc
    peerDependenciesMeta:
      '@types/react':
        optional: true
      '@types/react-dom':
        optional: true

  '@radix-ui/react-slot@1.1.0':
    resolution: {integrity: sha512-FUCf5XMfmW4dtYl69pdS4DbxKy8nj4M7SafBgPllysxmdachynNflAdp/gCsnYWNDnge6tI9onzMp5ARYc1KNw==}
    peerDependencies:
      '@types/react': '*'
      react: ^16.8 || ^17.0 || ^18.0 || ^19.0 || ^19.0.0-rc
    peerDependenciesMeta:
      '@types/react':
        optional: true

  '@radix-ui/react-use-callback-ref@1.1.0':
    resolution: {integrity: sha512-CasTfvsy+frcFkbXtSJ2Zu9JHpN8TYKxkgJGWbjiZhFivxaeW7rMeZt7QELGVLaYVfFMsKHjb7Ak0nMEe+2Vfw==}
    peerDependencies:
      '@types/react': '*'
      react: ^16.8 || ^17.0 || ^18.0 || ^19.0 || ^19.0.0-rc
    peerDependenciesMeta:
      '@types/react':
        optional: true

  '@radix-ui/react-use-controllable-state@1.1.0':
    resolution: {integrity: sha512-MtfMVJiSr2NjzS0Aa90NPTnvTSg6C/JLCV7ma0W6+OMV78vd8OyRpID+Ng9LxzsPbLeuBnWBA1Nq30AtBIDChw==}
    peerDependencies:
      '@types/react': '*'
      react: ^16.8 || ^17.0 || ^18.0 || ^19.0 || ^19.0.0-rc
    peerDependenciesMeta:
      '@types/react':
        optional: true

  '@radix-ui/react-use-escape-keydown@1.1.0':
    resolution: {integrity: sha512-L7vwWlR1kTTQ3oh7g1O0CBF3YCyyTj8NmhLR+phShpyA50HCfBFKVJTpshm9PzLiKmehsrQzTYTpX9HvmC9rhw==}
    peerDependencies:
      '@types/react': '*'
      react: ^16.8 || ^17.0 || ^18.0 || ^19.0 || ^19.0.0-rc
    peerDependenciesMeta:
      '@types/react':
        optional: true

  '@radix-ui/react-use-layout-effect@1.1.0':
    resolution: {integrity: sha512-+FPE0rOdziWSrH9athwI1R0HDVbWlEhd+FR+aSDk4uWGmSJ9Z54sdZVDQPZAinJhJXwfT+qnj969mCsT2gfm5w==}
    peerDependencies:
      '@types/react': '*'
      react: ^16.8 || ^17.0 || ^18.0 || ^19.0 || ^19.0.0-rc
    peerDependenciesMeta:
      '@types/react':
        optional: true

  '@radix-ui/react-use-previous@1.1.0':
    resolution: {integrity: sha512-Z/e78qg2YFnnXcW88A4JmTtm4ADckLno6F7OXotmkQfeuCVaKuYzqAATPhVzl3delXE7CxIV8shofPn3jPc5Og==}
    peerDependencies:
      '@types/react': '*'
      react: ^16.8 || ^17.0 || ^18.0 || ^19.0 || ^19.0.0-rc
    peerDependenciesMeta:
      '@types/react':
        optional: true

  '@radix-ui/react-use-rect@1.1.0':
    resolution: {integrity: sha512-0Fmkebhr6PiseyZlYAOtLS+nb7jLmpqTrJyv61Pe68MKYW6OWdRE2kI70TaYY27u7H0lajqM3hSMMLFq18Z7nQ==}
    peerDependencies:
      '@types/react': '*'
      react: ^16.8 || ^17.0 || ^18.0 || ^19.0 || ^19.0.0-rc
    peerDependenciesMeta:
      '@types/react':
        optional: true

  '@radix-ui/react-use-size@1.1.0':
    resolution: {integrity: sha512-XW3/vWuIXHa+2Uwcc2ABSfcCledmXhhQPlGbfcRXbiUQI5Icjcg19BGCZVKKInYbvUCut/ufbbLLPFC5cbb1hw==}
    peerDependencies:
      '@types/react': '*'
      react: ^16.8 || ^17.0 || ^18.0 || ^19.0 || ^19.0.0-rc
    peerDependenciesMeta:
      '@types/react':
        optional: true

  '@radix-ui/react-visually-hidden@1.1.0':
    resolution: {integrity: sha512-N8MDZqtgCgG5S3aV60INAB475osJousYpZ4cTJ2cFbMpdHS5Y6loLTH8LPtkj2QN0x93J30HT/M3qJXM0+lyeQ==}
    peerDependencies:
      '@types/react': '*'
      '@types/react-dom': '*'
      react: ^16.8 || ^17.0 || ^18.0 || ^19.0 || ^19.0.0-rc
      react-dom: ^16.8 || ^17.0 || ^18.0 || ^19.0 || ^19.0.0-rc
    peerDependenciesMeta:
      '@types/react':
        optional: true
      '@types/react-dom':
        optional: true

  '@radix-ui/rect@1.1.0':
    resolution: {integrity: sha512-A9+lCBZoaMJlVKcRBz2YByCG+Cp2t6nAnMnNba+XiWxnj6r4JUFqfsgwocMBZU9LPtdxC6wB56ySYpc7LQIoJg==}

  aria-hidden@1.2.4:
    resolution: {integrity: sha512-y+CcFFwelSXpLZk/7fMB2mUbGtX9lKycf1MWJ7CaTIERyitVlyQx6C+sxcROU2BAJ24OiZyK+8wj2i8AlBoS3A==}
    engines: {node: '>=10'}

  class-variance-authority@0.7.0:
    resolution: {integrity: sha512-jFI8IQw4hczaL4ALINxqLEXQbWcNjoSkloa4IaufXCJr6QawJyw7tuRysRsrE8w2p/4gGaxKIt/hX3qz/IbD1A==}

  clsx@2.0.0:
    resolution: {integrity: sha512-rQ1+kcj+ttHG0MKVGBUXwayCCF1oh39BF5COIpRzuCEv8Mwjv0XucrI2ExNTOn9IlLifGClWQcU9BrZORvtw6Q==}
    engines: {node: '>=6'}

  clsx@2.1.1:
    resolution: {integrity: sha512-eYm0QWBtUrBWZWG0d386OGAw16Z995PiOVo2B7bjWSbHedGl5e0ZWaq65kOGgUSNesEIDkB9ISbTg/JK9dhCZA==}
    engines: {node: '>=6'}

  detect-node-es@1.1.0:
    resolution: {integrity: sha512-ypdmJU/TbBby2Dxibuv7ZLW3Bs1QEmM7nHjEANfohJLvE0XVujisn1qPJcZxg+qDucsr+bP6fLD1rPS3AhJ7EQ==}

  get-nonce@1.0.1:
    resolution: {integrity: sha512-FJhYRoDaiatfEkUK8HKlicmu/3SGFD51q3itKDGoSTysQJBnfOcxU5GxnhE1E6soB76MbT0MBtnKJuXyAx+96Q==}
    engines: {node: '>=6'}

  invariant@2.2.4:
    resolution: {integrity: sha512-phJfQVBuaJM5raOpJjSfkiD6BpbCE4Ns//LaXl6wGYtUBY83nWS6Rf9tXm2e8VaK60JEjYldbPif/A2B1C2gNA==}

  isomorphic.js@0.2.5:
    resolution: {integrity: sha512-PIeMbHqMt4DnUP3MA/Flc0HElYjMXArsw1qwJZcm9sqR8mq3l8NYizFMty0pWwE/tzIGH3EKK5+jes5mAr85yw==}

  js-tokens@4.0.0:
    resolution: {integrity: sha512-RdJUflcE3cUzKiMqQgsCu06FPu9UdIJO0beYbPhHN4k6apgJtifcoCtT9bcxOpYBtpD2kCM6Sbzg4CausW/PKQ==}

  lexical@0.17.0:
    resolution: {integrity: sha512-cCFmANO5rIf34NF0go/hxp5S3V5Z8G2Rsa1FJy50qF2WM5EJNJ/MqN75TApjfgMkfrbO6gau3X12nCqwsT7aDg==}

  lib0@0.2.95:
    resolution: {integrity: sha512-St5XGDh5omvNawGkAOa7CFRjxl4xEKLj9DxgT8Nl7rmrD6l2WRTngvmZGhJKRaniROterT0RDVdnwLlU9PiEOg==}
    engines: {node: '>=16'}
    hasBin: true

  loose-envify@1.4.0:
    resolution: {integrity: sha512-lyuxPGr/Wfhrlem2CL/UcnUc1zcqKAImBDzukY7Y5F/yQiNdko6+fRLevlw1HgMySw7f611UIY408EtxRSoK3Q==}
    hasBin: true

  lucide-react@0.424.0:
    resolution: {integrity: sha512-x2Nj2aytk1iOyHqt4hKenfVlySq0rYxNeEf8hE0o+Yh0iE36Rqz0rkngVdv2uQtjZ70LAE73eeplhhptYt9x4Q==}
    peerDependencies:
      react: ^16.5.1 || ^17.0.0 || ^18.0.0 || ^19.0.0-rc

  prismjs@1.29.0:
    resolution: {integrity: sha512-Kx/1w86q/epKcmte75LNrEoT+lX8pBpavuAbvJWRXar7Hz8jrtF+e3vY751p0R8H9HdArwaCTNDDzHg/ScJK1Q==}
    engines: {node: '>=6'}

  react-dom@18.3.1:
    resolution: {integrity: sha512-5m4nQKp+rZRb09LNH59GM4BxTh9251/ylbKIbpe7TpGxfJ+9kv6BLkLBXIjjspbgbnIBNqlI23tRnTWT0snUIw==}
    peerDependencies:
      react: ^18.3.1

  react-error-boundary@3.1.4:
    resolution: {integrity: sha512-uM9uPzZJTF6wRQORmSrvOIgt4lJ9MC1sNgEOj2XGsDTRE4kmpWxg7ENK9EWNKJRMAOY9z0MuF4yIfl6gp4sotA==}
    engines: {node: '>=10', npm: '>=6'}
    peerDependencies:
      react: '>=16.13.1'

  react-remove-scroll-bar@2.3.6:
    resolution: {integrity: sha512-DtSYaao4mBmX+HDo5YWYdBWQwYIQQshUV/dVxFxK+KM26Wjwp1gZ6rv6OC3oujI6Bfu6Xyg3TwK533AQutsn/g==}
    engines: {node: '>=10'}
    peerDependencies:
      '@types/react': ^16.8.0 || ^17.0.0 || ^18.0.0
      react: ^16.8.0 || ^17.0.0 || ^18.0.0
    peerDependenciesMeta:
      '@types/react':
        optional: true

  react-remove-scroll@2.5.7:
    resolution: {integrity: sha512-FnrTWO4L7/Bhhf3CYBNArEG/yROV0tKmTv7/3h9QCFvH6sndeFf1wPqOcbFVu5VAulS5dV1wGT3GZZ/1GawqiA==}
    engines: {node: '>=10'}
    peerDependencies:
      '@types/react': ^16.8.0 || ^17.0.0 || ^18.0.0
      react: ^16.8.0 || ^17.0.0 || ^18.0.0
    peerDependenciesMeta:
      '@types/react':
        optional: true

  react-style-singleton@2.2.1:
    resolution: {integrity: sha512-ZWj0fHEMyWkHzKYUr2Bs/4zU6XLmq9HsgBURm7g5pAVfyn49DgUiNgY2d4lXRlYSiCif9YBGpQleewkcqddc7g==}
    engines: {node: '>=10'}
    peerDependencies:
      '@types/react': ^16.8.0 || ^17.0.0 || ^18.0.0
      react: ^16.8.0 || ^17.0.0 || ^18.0.0
    peerDependenciesMeta:
      '@types/react':
        optional: true

  react@18.3.1:
    resolution: {integrity: sha512-wS+hAgJShR0KhEvPJArfuPVN1+Hz1t0Y6n5jLrGQbkb4urgPE/0Rve+1kMB1v/oWgHgm4WIcV+i7F2pTVj+2iQ==}
    engines: {node: '>=0.10.0'}

  regenerator-runtime@0.14.1:
    resolution: {integrity: sha512-dYnhHh0nJoMfnkZs6GmmhFknAGRrLznOu5nc9ML+EJxGvrx6H7teuevqVqCuPcPK//3eDrrjQhehXVx9cnkGdw==}

  scheduler@0.23.2:
    resolution: {integrity: sha512-UOShsPwz7NrMUqhR6t0hWjFduvOzbtv7toDH1/hIrfRNIDBnnBWd0CwJTGvTpngVlmwGCdP9/Zl/tVrDqcuYzQ==}

  tailwind-merge@2.4.0:
    resolution: {integrity: sha512-49AwoOQNKdqKPd9CViyH5wJoSKsCDjUlzL8DxuGp3P1FsGY36NJDAa18jLZcaHAUUuTj+JB8IAo8zWgBNvBF7A==}

  tailwindcss-animate@1.0.7:
    resolution: {integrity: sha512-bl6mpH3T7I3UFxuvDEXLxy/VuFxBk5bbzplh7tXI68mwMokNYd1t9qPBHlnyTwfa4JGC4zP516I1hYYtQ/vspA==}
    peerDependencies:
      tailwindcss: '>=3.0.0 || insiders'

  tslib@2.6.3:
    resolution: {integrity: sha512-xNvxJEOUiWPGhUuUdQgAJPKOOJfGnIyKySOc09XkKsgdUV/3E2zvwZYdejjmRgPCgcym1juLH3226yA7sEFJKQ==}

  use-callback-ref@1.3.2:
    resolution: {integrity: sha512-elOQwe6Q8gqZgDA8mrh44qRTQqpIHDcZ3hXTLjBe1i4ph8XpNJnO+aQf3NaG+lriLopI4HMx9VjQLfPQ6vhnoA==}
    engines: {node: '>=10'}
    peerDependencies:
      '@types/react': ^16.8.0 || ^17.0.0 || ^18.0.0
      react: ^16.8.0 || ^17.0.0 || ^18.0.0
    peerDependenciesMeta:
      '@types/react':
        optional: true

  use-sidecar@1.1.2:
    resolution: {integrity: sha512-epTbsLuzZ7lPClpz2TyryBfztm7m+28DlEv2ZCQ3MDr5ssiwyOwGH/e5F9CkfWjJ1t4clvI58yF822/GUkjjhw==}
    engines: {node: '>=10'}
    peerDependencies:
      '@types/react': ^16.9.0 || ^17.0.0 || ^18.0.0
      react: ^16.8.0 || ^17.0.0 || ^18.0.0
    peerDependenciesMeta:
      '@types/react':
        optional: true

  yjs@13.6.18:
    resolution: {integrity: sha512-GBTjO4QCmv2HFKFkYIJl7U77hIB1o22vSCSQD1Ge8ZxWbIbn8AltI4gyXbtL+g5/GJep67HCMq3Y5AmNwDSyEg==}
    engines: {node: '>=16.0.0', npm: '>=8.0.0'}

snapshots:

  '@babel/runtime@7.25.0':
    dependencies:
      regenerator-runtime: 0.14.1

  '@floating-ui/core@1.6.5':
    dependencies:
      '@floating-ui/utils': 0.2.5

  '@floating-ui/dom@1.6.8':
    dependencies:
      '@floating-ui/core': 1.6.5
      '@floating-ui/utils': 0.2.5

  '@floating-ui/react-dom@2.1.1(react-dom@18.3.1(react@18.3.1))(react@18.3.1)':
    dependencies:
      '@floating-ui/dom': 1.6.8
      react: 18.3.1
      react-dom: 18.3.1(react@18.3.1)

  '@floating-ui/utils@0.2.5': {}

  '@lexical/clipboard@0.17.0':
    dependencies:
      '@lexical/html': 0.17.0
      '@lexical/list': 0.17.0
      '@lexical/selection': 0.17.0
      '@lexical/utils': 0.17.0
      lexical: 0.17.0

  '@lexical/code@0.17.0':
    dependencies:
      '@lexical/utils': 0.17.0
      lexical: 0.17.0
      prismjs: 1.29.0

  '@lexical/devtools-core@0.17.0(react-dom@18.3.1(react@18.3.1))(react@18.3.1)':
    dependencies:
      '@lexical/html': 0.17.0
      '@lexical/link': 0.17.0
      '@lexical/mark': 0.17.0
      '@lexical/table': 0.17.0
      '@lexical/utils': 0.17.0
      lexical: 0.17.0
      react: 18.3.1
      react-dom: 18.3.1(react@18.3.1)

  '@lexical/dragon@0.17.0':
    dependencies:
      lexical: 0.17.0

  '@lexical/hashtag@0.17.0':
    dependencies:
      '@lexical/utils': 0.17.0
      lexical: 0.17.0

  '@lexical/history@0.17.0':
    dependencies:
      '@lexical/utils': 0.17.0
      lexical: 0.17.0

  '@lexical/html@0.17.0':
    dependencies:
      '@lexical/selection': 0.17.0
      '@lexical/utils': 0.17.0
      lexical: 0.17.0

  '@lexical/link@0.17.0':
    dependencies:
      '@lexical/utils': 0.17.0
      lexical: 0.17.0

  '@lexical/list@0.17.0':
    dependencies:
      '@lexical/utils': 0.17.0
      lexical: 0.17.0

  '@lexical/mark@0.17.0':
    dependencies:
      '@lexical/utils': 0.17.0
      lexical: 0.17.0

  '@lexical/markdown@0.17.0':
    dependencies:
      '@lexical/code': 0.17.0
      '@lexical/link': 0.17.0
      '@lexical/list': 0.17.0
      '@lexical/rich-text': 0.17.0
      '@lexical/text': 0.17.0
      '@lexical/utils': 0.17.0
      lexical: 0.17.0

  '@lexical/offset@0.17.0':
    dependencies:
      lexical: 0.17.0

  '@lexical/overflow@0.17.0':
    dependencies:
      lexical: 0.17.0

  '@lexical/plain-text@0.17.0':
    dependencies:
      '@lexical/clipboard': 0.17.0
      '@lexical/selection': 0.17.0
      '@lexical/utils': 0.17.0
      lexical: 0.17.0

  '@lexical/react@0.17.0(react-dom@18.3.1(react@18.3.1))(react@18.3.1)(yjs@13.6.18)':
    dependencies:
      '@lexical/clipboard': 0.17.0
      '@lexical/code': 0.17.0
      '@lexical/devtools-core': 0.17.0(react-dom@18.3.1(react@18.3.1))(react@18.3.1)
      '@lexical/dragon': 0.17.0
      '@lexical/hashtag': 0.17.0
      '@lexical/history': 0.17.0
      '@lexical/link': 0.17.0
      '@lexical/list': 0.17.0
      '@lexical/mark': 0.17.0
      '@lexical/markdown': 0.17.0
      '@lexical/overflow': 0.17.0
      '@lexical/plain-text': 0.17.0
      '@lexical/rich-text': 0.17.0
      '@lexical/selection': 0.17.0
      '@lexical/table': 0.17.0
      '@lexical/text': 0.17.0
      '@lexical/utils': 0.17.0
      '@lexical/yjs': 0.17.0(yjs@13.6.18)
      lexical: 0.17.0
      react: 18.3.1
      react-dom: 18.3.1(react@18.3.1)
      react-error-boundary: 3.1.4(react@18.3.1)
    transitivePeerDependencies:
      - yjs

  '@lexical/rich-text@0.17.0':
    dependencies:
      '@lexical/clipboard': 0.17.0
      '@lexical/selection': 0.17.0
      '@lexical/utils': 0.17.0
      lexical: 0.17.0

  '@lexical/selection@0.17.0':
    dependencies:
      lexical: 0.17.0

  '@lexical/table@0.17.0':
    dependencies:
      '@lexical/utils': 0.17.0
      lexical: 0.17.0

  '@lexical/text@0.17.0':
    dependencies:
      lexical: 0.17.0

  '@lexical/utils@0.17.0':
    dependencies:
      '@lexical/list': 0.17.0
      '@lexical/selection': 0.17.0
      '@lexical/table': 0.17.0
      lexical: 0.17.0

  '@lexical/yjs@0.17.0(yjs@13.6.18)':
    dependencies:
      '@lexical/offset': 0.17.0
      lexical: 0.17.0
      yjs: 13.6.18

  '@radix-ui/number@1.1.0': {}

  '@radix-ui/primitive@1.1.0': {}

  '@radix-ui/react-arrow@1.1.0(react-dom@18.3.1(react@18.3.1))(react@18.3.1)':
    dependencies:
      '@radix-ui/react-primitive': 2.0.0(react-dom@18.3.1(react@18.3.1))(react@18.3.1)
      react: 18.3.1
      react-dom: 18.3.1(react@18.3.1)

  '@radix-ui/react-collection@1.1.0(react-dom@18.3.1(react@18.3.1))(react@18.3.1)':
    dependencies:
      '@radix-ui/react-compose-refs': 1.1.0(react@18.3.1)
      '@radix-ui/react-context': 1.1.0(react@18.3.1)
      '@radix-ui/react-primitive': 2.0.0(react-dom@18.3.1(react@18.3.1))(react@18.3.1)
      '@radix-ui/react-slot': 1.1.0(react@18.3.1)
      react: 18.3.1
      react-dom: 18.3.1(react@18.3.1)

  '@radix-ui/react-compose-refs@1.1.0(react@18.3.1)':
    dependencies:
      react: 18.3.1

  '@radix-ui/react-context@1.1.0(react@18.3.1)':
    dependencies:
      react: 18.3.1

  '@radix-ui/react-direction@1.1.0(react@18.3.1)':
    dependencies:
      react: 18.3.1

  '@radix-ui/react-dismissable-layer@1.1.0(react-dom@18.3.1(react@18.3.1))(react@18.3.1)':
    dependencies:
      '@radix-ui/primitive': 1.1.0
      '@radix-ui/react-compose-refs': 1.1.0(react@18.3.1)
      '@radix-ui/react-primitive': 2.0.0(react-dom@18.3.1(react@18.3.1))(react@18.3.1)
      '@radix-ui/react-use-callback-ref': 1.1.0(react@18.3.1)
      '@radix-ui/react-use-escape-keydown': 1.1.0(react@18.3.1)
      react: 18.3.1
      react-dom: 18.3.1(react@18.3.1)

  '@radix-ui/react-focus-guards@1.1.0(react@18.3.1)':
    dependencies:
      react: 18.3.1

  '@radix-ui/react-focus-scope@1.1.0(react-dom@18.3.1(react@18.3.1))(react@18.3.1)':
    dependencies:
      '@radix-ui/react-compose-refs': 1.1.0(react@18.3.1)
      '@radix-ui/react-primitive': 2.0.0(react-dom@18.3.1(react@18.3.1))(react@18.3.1)
      '@radix-ui/react-use-callback-ref': 1.1.0(react@18.3.1)
      react: 18.3.1
      react-dom: 18.3.1(react@18.3.1)

  '@radix-ui/react-id@1.1.0(react@18.3.1)':
    dependencies:
      '@radix-ui/react-use-layout-effect': 1.1.0(react@18.3.1)
      react: 18.3.1

  '@radix-ui/react-popper@1.2.0(react-dom@18.3.1(react@18.3.1))(react@18.3.1)':
    dependencies:
      '@floating-ui/react-dom': 2.1.1(react-dom@18.3.1(react@18.3.1))(react@18.3.1)
      '@radix-ui/react-arrow': 1.1.0(react-dom@18.3.1(react@18.3.1))(react@18.3.1)
      '@radix-ui/react-compose-refs': 1.1.0(react@18.3.1)
      '@radix-ui/react-context': 1.1.0(react@18.3.1)
      '@radix-ui/react-primitive': 2.0.0(react-dom@18.3.1(react@18.3.1))(react@18.3.1)
      '@radix-ui/react-use-callback-ref': 1.1.0(react@18.3.1)
      '@radix-ui/react-use-layout-effect': 1.1.0(react@18.3.1)
      '@radix-ui/react-use-rect': 1.1.0(react@18.3.1)
      '@radix-ui/react-use-size': 1.1.0(react@18.3.1)
      '@radix-ui/rect': 1.1.0
      react: 18.3.1
      react-dom: 18.3.1(react@18.3.1)

  '@radix-ui/react-portal@1.1.1(react-dom@18.3.1(react@18.3.1))(react@18.3.1)':
    dependencies:
      '@radix-ui/react-primitive': 2.0.0(react-dom@18.3.1(react@18.3.1))(react@18.3.1)
      '@radix-ui/react-use-layout-effect': 1.1.0(react@18.3.1)
      react: 18.3.1
      react-dom: 18.3.1(react@18.3.1)

  '@radix-ui/react-primitive@2.0.0(react-dom@18.3.1(react@18.3.1))(react@18.3.1)':
    dependencies:
      '@radix-ui/react-slot': 1.1.0(react@18.3.1)
      react: 18.3.1
      react-dom: 18.3.1(react@18.3.1)

  '@radix-ui/react-select@2.1.1(react-dom@18.3.1(react@18.3.1))(react@18.3.1)':
    dependencies:
      '@radix-ui/number': 1.1.0
      '@radix-ui/primitive': 1.1.0
      '@radix-ui/react-collection': 1.1.0(react-dom@18.3.1(react@18.3.1))(react@18.3.1)
      '@radix-ui/react-compose-refs': 1.1.0(react@18.3.1)
      '@radix-ui/react-context': 1.1.0(react@18.3.1)
      '@radix-ui/react-direction': 1.1.0(react@18.3.1)
      '@radix-ui/react-dismissable-layer': 1.1.0(react-dom@18.3.1(react@18.3.1))(react@18.3.1)
      '@radix-ui/react-focus-guards': 1.1.0(react@18.3.1)
      '@radix-ui/react-focus-scope': 1.1.0(react-dom@18.3.1(react@18.3.1))(react@18.3.1)
      '@radix-ui/react-id': 1.1.0(react@18.3.1)
      '@radix-ui/react-popper': 1.2.0(react-dom@18.3.1(react@18.3.1))(react@18.3.1)
      '@radix-ui/react-portal': 1.1.1(react-dom@18.3.1(react@18.3.1))(react@18.3.1)
      '@radix-ui/react-primitive': 2.0.0(react-dom@18.3.1(react@18.3.1))(react@18.3.1)
      '@radix-ui/react-slot': 1.1.0(react@18.3.1)
      '@radix-ui/react-use-callback-ref': 1.1.0(react@18.3.1)
      '@radix-ui/react-use-controllable-state': 1.1.0(react@18.3.1)
      '@radix-ui/react-use-layout-effect': 1.1.0(react@18.3.1)
      '@radix-ui/react-use-previous': 1.1.0(react@18.3.1)
      '@radix-ui/react-visually-hidden': 1.1.0(react-dom@18.3.1(react@18.3.1))(react@18.3.1)
      aria-hidden: 1.2.4
      react: 18.3.1
      react-dom: 18.3.1(react@18.3.1)
      react-remove-scroll: 2.5.7(react@18.3.1)

  '@radix-ui/react-slot@1.1.0(react@18.3.1)':
    dependencies:
      '@radix-ui/react-compose-refs': 1.1.0(react@18.3.1)
      react: 18.3.1

  '@radix-ui/react-use-callback-ref@1.1.0(react@18.3.1)':
    dependencies:
      react: 18.3.1

  '@radix-ui/react-use-controllable-state@1.1.0(react@18.3.1)':
    dependencies:
      '@radix-ui/react-use-callback-ref': 1.1.0(react@18.3.1)
      react: 18.3.1

  '@radix-ui/react-use-escape-keydown@1.1.0(react@18.3.1)':
    dependencies:
      '@radix-ui/react-use-callback-ref': 1.1.0(react@18.3.1)
      react: 18.3.1

  '@radix-ui/react-use-layout-effect@1.1.0(react@18.3.1)':
    dependencies:
      react: 18.3.1

  '@radix-ui/react-use-previous@1.1.0(react@18.3.1)':
    dependencies:
      react: 18.3.1

  '@radix-ui/react-use-rect@1.1.0(react@18.3.1)':
    dependencies:
      '@radix-ui/rect': 1.1.0
      react: 18.3.1

  '@radix-ui/react-use-size@1.1.0(react@18.3.1)':
    dependencies:
      '@radix-ui/react-use-layout-effect': 1.1.0(react@18.3.1)
      react: 18.3.1

  '@radix-ui/react-visually-hidden@1.1.0(react-dom@18.3.1(react@18.3.1))(react@18.3.1)':
    dependencies:
      '@radix-ui/react-primitive': 2.0.0(react-dom@18.3.1(react@18.3.1))(react@18.3.1)
      react: 18.3.1
      react-dom: 18.3.1(react@18.3.1)

  '@radix-ui/rect@1.1.0': {}

  aria-hidden@1.2.4:
    dependencies:
      tslib: 2.6.3

  class-variance-authority@0.7.0:
    dependencies:
      clsx: 2.0.0

  clsx@2.0.0: {}

  clsx@2.1.1: {}

  detect-node-es@1.1.0: {}

  get-nonce@1.0.1: {}

  invariant@2.2.4:
    dependencies:
      loose-envify: 1.4.0

  isomorphic.js@0.2.5: {}

  js-tokens@4.0.0: {}

  lexical@0.17.0: {}

  lib0@0.2.95:
    dependencies:
      isomorphic.js: 0.2.5

  loose-envify@1.4.0:
    dependencies:
      js-tokens: 4.0.0

  lucide-react@0.424.0(react@18.3.1):
    dependencies:
      react: 18.3.1

  prismjs@1.29.0: {}

  react-dom@18.3.1(react@18.3.1):
    dependencies:
      loose-envify: 1.4.0
      react: 18.3.1
      scheduler: 0.23.2

  react-error-boundary@3.1.4(react@18.3.1):
    dependencies:
      '@babel/runtime': 7.25.0
      react: 18.3.1

  react-remove-scroll-bar@2.3.6(react@18.3.1):
    dependencies:
      react: 18.3.1
      react-style-singleton: 2.2.1(react@18.3.1)
      tslib: 2.6.3

  react-remove-scroll@2.5.7(react@18.3.1):
    dependencies:
      react: 18.3.1
      react-remove-scroll-bar: 2.3.6(react@18.3.1)
      react-style-singleton: 2.2.1(react@18.3.1)
      tslib: 2.6.3
      use-callback-ref: 1.3.2(react@18.3.1)
      use-sidecar: 1.1.2(react@18.3.1)

  react-style-singleton@2.2.1(react@18.3.1):
    dependencies:
      get-nonce: 1.0.1
      invariant: 2.2.4
      react: 18.3.1
      tslib: 2.6.3

  react@18.3.1:
    dependencies:
      loose-envify: 1.4.0

  regenerator-runtime@0.14.1: {}

  scheduler@0.23.2:
    dependencies:
      loose-envify: 1.4.0

  tailwind-merge@2.4.0: {}

  tailwindcss-animate@1.0.7: {}

  tslib@2.6.3: {}

  use-callback-ref@1.3.2(react@18.3.1):
    dependencies:
      react: 18.3.1
      tslib: 2.6.3

  use-sidecar@1.1.2(react@18.3.1):
    dependencies:
      detect-node-es: 1.1.0
      react: 18.3.1
      tslib: 2.6.3

  yjs@13.6.18:
    dependencies:
      lib0: 0.2.95
